
Microsoft Visual Studio Solution File, Format Version 12.00
# Visual Studio 15
VisualStudioVersion = 15.0.27130.2026
MinimumVisualStudioVersion = 15.0.26124.0
Project("{9A19103F-16F7-4668-BE54-9A1E7A4F7556}") = "NT.Web", "NT.Web\NT.Web.csproj", "{9A403961-3680-4EE3-A035-F537B1630505}"
EndProject
Project("{9A19103F-16F7-4668-BE54-9A1E7A4F7556}") = "NT.Models", "NT.Models\NT.Models.csproj", "{AC4FAC90-9C54-4DAF-A4E9-CE42774693A9}"
EndProject
Project("{2150E333-8FDC-42A3-9474-1A3956D46DE8}") = "Business", "Business", "{CAEF7B87-5495-4A5A-AB3A-0F500BD0A012}"
EndProject
Project("{9A19103F-16F7-4668-BE54-9A1E7A4F7556}") = "NT.Business", "NT.Business\NT.Business.csproj", "{ED5B8196-1BB0-46C8-8D22-3E99301BCC63}"
EndProject
Project("{9A19103F-16F7-4668-BE54-9A1E7A4F7556}") = "NT.IBusiness", "NT.IBusiness\NT.IBusiness.csproj", "{1712377E-1DC2-4A8E-8906-D2B97ADE5998}"
EndProject
Project("{2150E333-8FDC-42A3-9474-1A3956D46DE8}") = "ORM", "ORM", "{41D4C93D-5BA3-4A51-88B3-D477C6428B49}"
EndProject
Project("{2150E333-8FDC-42A3-9474-1A3956D46DE8}") = "Common", "Common", "{5B809492-38AA-4677-A8E3-DB6AD102A1BA}"
EndProject
Project("{9A19103F-16F7-4668-BE54-9A1E7A4F7556}") = "NT.Common", "NT.Common\NT.Common.csproj", "{FE920746-FE17-49B3-BE3B-164F81AFEB1D}"
EndProject
Project("{9A19103F-16F7-4668-BE54-9A1E7A4F7556}") = "NT.ICommon", "NT.ICommon\NT.ICommon.csproj", "{9F032532-86A6-4E22-A3A1-AFADACC5ED3A}"
EndProject
Project("{9A19103F-16F7-4668-BE54-9A1E7A4F7556}") = "NT.WEBAPI", "NT.WEBAPI\NT.WEBAPI.csproj", "{CA526429-46B8-475A-B898-F33C1CA16A23}"
EndProject
Project("{FAE04EC0-301F-11D3-BF4B-00C04F79EFBC}") = "NT.ModelExtensions", "NT.ModelExtensions\NT.ModelExtensions.csproj", "{36DDB163-791C-48C8-9C7C-3CFF4F569F1B}"
EndProject
Global
	GlobalSection(SolutionConfigurationPlatforms) = preSolution
		Debug|Any CPU = Debug|Any CPU
		Release|Any CPU = Release|Any CPU
	EndGlobalSection
	GlobalSection(ProjectConfigurationPlatforms) = postSolution
		{9A403961-3680-4EE3-A035-F537B1630505}.Debug|Any CPU.ActiveCfg = Debug|Any CPU
		{9A403961-3680-4EE3-A035-F537B1630505}.Debug|Any CPU.Build.0 = Debug|Any CPU
		{9A403961-3680-4EE3-A035-F537B1630505}.Release|Any CPU.ActiveCfg = Release|Any CPU
		{9A403961-3680-4EE3-A035-F537B1630505}.Release|Any CPU.Build.0 = Release|Any CPU
		{AC4FAC90-9C54-4DAF-A4E9-CE42774693A9}.Debug|Any CPU.ActiveCfg = Debug|Any CPU
		{AC4FAC90-9C54-4DAF-A4E9-CE42774693A9}.Debug|Any CPU.Build.0 = Debug|Any CPU
		{AC4FAC90-9C54-4DAF-A4E9-CE42774693A9}.Release|Any CPU.ActiveCfg = Release|Any CPU
		{AC4FAC90-9C54-4DAF-A4E9-CE42774693A9}.Release|Any CPU.Build.0 = Release|Any CPU
		{ED5B8196-1BB0-46C8-8D22-3E99301BCC63}.Debug|Any CPU.ActiveCfg = Debug|Any CPU
		{ED5B8196-1BB0-46C8-8D22-3E99301BCC63}.Debug|Any CPU.Build.0 = Debug|Any CPU
		{ED5B8196-1BB0-46C8-8D22-3E99301BCC63}.Release|Any CPU.ActiveCfg = Release|Any CPU
		{ED5B8196-1BB0-46C8-8D22-3E99301BCC63}.Release|Any CPU.Build.0 = Release|Any CPU
		{1712377E-1DC2-4A8E-8906-D2B97ADE5998}.Debug|Any CPU.ActiveCfg = Debug|Any CPU
		{1712377E-1DC2-4A8E-8906-D2B97ADE5998}.Debug|Any CPU.Build.0 = Debug|Any CPU
		{1712377E-1DC2-4A8E-8906-D2B97ADE5998}.Release|Any CPU.ActiveCfg = Release|Any CPU
		{1712377E-1DC2-4A8E-8906-D2B97ADE5998}.Release|Any CPU.Build.0 = Release|Any CPU
		{FE920746-FE17-49B3-BE3B-164F81AFEB1D}.Debug|Any CPU.ActiveCfg = Debug|Any CPU
		{FE920746-FE17-49B3-BE3B-164F81AFEB1D}.Debug|Any CPU.Build.0 = Debug|Any CPU
		{FE920746-FE17-49B3-BE3B-164F81AFEB1D}.Release|Any CPU.ActiveCfg = Release|Any CPU
		{FE920746-FE17-49B3-BE3B-164F81AFEB1D}.Release|Any CPU.Build.0 = Release|Any CPU
		{9F032532-86A6-4E22-A3A1-AFADACC5ED3A}.Debug|Any CPU.ActiveCfg = Debug|Any CPU
		{9F032532-86A6-4E22-A3A1-AFADACC5ED3A}.Debug|Any CPU.Build.0 = Debug|Any CPU
		{9F032532-86A6-4E22-A3A1-AFADACC5ED3A}.Release|Any CPU.ActiveCfg = Release|Any CPU
		{9F032532-86A6-4E22-A3A1-AFADACC5ED3A}.Release|Any CPU.Build.0 = Release|Any CPU
		{CA526429-46B8-475A-B898-F33C1CA16A23}.Debug|Any CPU.ActiveCfg = Debug|Any CPU
		{CA526429-46B8-475A-B898-F33C1CA16A23}.Debug|Any CPU.Build.0 = Debug|Any CPU
		{CA526429-46B8-475A-B898-F33C1CA16A23}.Release|Any CPU.ActiveCfg = Release|Any CPU
		{CA526429-46B8-475A-B898-F33C1CA16A23}.Release|Any CPU.Build.0 = Release|Any CPU
		{36DDB163-791C-48C8-9C7C-3CFF4F569F1B}.Debug|Any CPU.ActiveCfg = Debug|Any CPU
		{36DDB163-791C-48C8-9C7C-3CFF4F569F1B}.Debug|Any CPU.Build.0 = Debug|Any CPU
		{36DDB163-791C-48C8-9C7C-3CFF4F569F1B}.Release|Any CPU.ActiveCfg = Release|Any CPU
		{36DDB163-791C-48C8-9C7C-3CFF4F569F1B}.Release|Any CPU.Build.0 = Release|Any CPU
	EndGlobalSection
	GlobalSection(SolutionProperties) = preSolution
		HideSolutionNode = FALSE
	EndGlobalSection
	GlobalSection(NestedProjects) = preSolution
		{AC4FAC90-9C54-4DAF-A4E9-CE42774693A9} = {41D4C93D-5BA3-4A51-88B3-D477C6428B49}
		{ED5B8196-1BB0-46C8-8D22-3E99301BCC63} = {CAEF7B87-5495-4A5A-AB3A-0F500BD0A012}
		{1712377E-1DC2-4A8E-8906-D2B97ADE5998} = {CAEF7B87-5495-4A5A-AB3A-0F500BD0A012}
		{FE920746-FE17-49B3-BE3B-164F81AFEB1D} = {5B809492-38AA-4677-A8E3-DB6AD102A1BA}
		{9F032532-86A6-4E22-A3A1-AFADACC5ED3A} = {5B809492-38AA-4677-A8E3-DB6AD102A1BA}
		{36DDB163-791C-48C8-9C7C-3CFF4F569F1B} = {5B809492-38AA-4677-A8E3-DB6AD102A1BA}
	EndGlobalSection
	GlobalSection(ExtensibilityGlobals) = postSolution
		SolutionGuid = {88EB2B08-3DB9-4534-94C6-77B0641C6550}
	EndGlobalSection
EndGlobal
